
Microsoft Visual Studio Solution File, Format Version 12.00
# Visual Studio Version 17
VisualStudioVersion = 17.0.32014.148
MinimumVisualStudioVersion = 10.0.40219.1
Project("{FAE04EC0-301F-11D3-BF4B-00C04F79EFBC}") = "MatrixSpriteEditor", "MatrixSpriteEditor\MatrixSpriteEditor.csproj", "{9EFE6F16-9603-46C6-BF87-095AB2527277}"
EndProject
Global
	GlobalSection(SolutionConfigurationPlatforms) = preSolution
		Debug|Any CPU = Debug|Any CPU
		Release|Any CPU = Release|Any CPU
	EndGlobalSection
	GlobalSection(ProjectConfigurationPlatforms) = postSolution
		{9EFE6F16-9603-46C6-BF87-095AB2527277}.Debug|Any CPU.ActiveCfg = Debug|Any CPU
		{9EFE6F16-9603-46C6-BF87-095AB2527277}.Debug|Any CPU.Build.0 = Debug|Any CPU
		{9EFE6F16-9603-46C6-BF87-095AB2527277}.Release|Any CPU.ActiveCfg = Release|Any CPU
		{9EFE6F16-9603-46C6-BF87-095AB2527277}.Release|Any CPU.Build.0 = Release|Any CPU
	EndGlobalSection
	GlobalSection(SolutionProperties) = preSolution
		HideSolutionNode = FALSE
	EndGlobalSection
	GlobalSection(ExtensibilityGlobals) = postSolution
		SolutionGuid = {FA94CC4E-CD09-4DB0-8DEE-94749636F109}
	EndGlobalSection
EndGlobal
